
Microsoft Visual Studio Solution File, Format Version 12.00
# Visual Studio Version 16
VisualStudioVersion = 25.0.1706.7
MinimumVisualStudioVersion = 10.0.40219.1
Project("{FAE04EC0-301F-11D3-BF4B-00C04F79EFBC}") = "ASP.NET_MongoDB", "ASP.NET_MongoDB\ASP.NET_MongoDB.csproj", "{F74FD759-2E58-4D97-9A8A-7BA32E4998A2}"
EndProject
Global
	GlobalSection(SolutionConfigurationPlatforms) = preSolution
		Debug|Any CPU = Debug|Any CPU
		Release|Any CPU = Release|Any CPU
	EndGlobalSection
	GlobalSection(ProjectConfigurationPlatforms) = postSolution
		{F74FD759-2E58-4D97-9A8A-7BA32E4998A2}.Debug|Any CPU.ActiveCfg = Debug|Any CPU
		{F74FD759-2E58-4D97-9A8A-7BA32E4998A2}.Debug|Any CPU.Build.0 = Debug|Any CPU
		{F74FD759-2E58-4D97-9A8A-7BA32E4998A2}.Release|Any CPU.ActiveCfg = Release|Any CPU
		{F74FD759-2E58-4D97-9A8A-7BA32E4998A2}.Release|Any CPU.Build.0 = Release|Any CPU
	EndGlobalSection
	GlobalSection(SolutionProperties) = preSolution
		HideSolutionNode = FALSE
	EndGlobalSection
	GlobalSection(ExtensibilityGlobals) = postSolution
		SolutionGuid = {82266801-3520-4270-A7A7-683DE7381400}
	EndGlobalSection
EndGlobal
